// !$*UTF8*$!
{
	archiveVersion = 1;
	classes = {
	};
	objectVersion = 46;
	objects = {

/* Begin PBXBuildFile section */
		842837641BF9BB8700971A18 /* main.m in Sources */ = {isa = PBXBuildFile; fileRef = 842837631BF9BB8700971A18 /* main.m */; };
		842837671BF9BB8700971A18 /* AppDelegate.m in Sources */ = {isa = PBXBuildFile; fileRef = 842837661BF9BB8700971A18 /* AppDelegate.m */; };
		8428376A1BF9BB8700971A18 /* ViewController.m in Sources */ = {isa = PBXBuildFile; fileRef = 842837691BF9BB8700971A18 /* ViewController.m */; };
		8428376D1BF9BB8700971A18 /* Main.storyboard in Resources */ = {isa = PBXBuildFile; fileRef = 8428376B1BF9BB8700971A18 /* Main.storyboard */; };
		8428376F1BF9BB8700971A18 /* Images.xcassets in Resources */ = {isa = PBXBuildFile; fileRef = 8428376E1BF9BB8700971A18 /* Images.xcassets */; };
		842837721BF9BB8700971A18 /* LaunchScreen.xib in Resources */ = {isa = PBXBuildFile; fileRef = 842837701BF9BB8700971A18 /* LaunchScreen.xib */; };
		8428377E1BF9BB8700971A18 /* SilviyaAppTests.m in Sources */ = {isa = PBXBuildFile; fileRef = 8428377D1BF9BB8700971A18 /* SilviyaAppTests.m */; };
		84616EEE1BFB445000A41898 /* AVFoundation.framework in Frameworks */ = {isa = PBXBuildFile; fileRef = 84616EED1BFB445000A41898 /* AVFoundation.framework */; };
/* End PBXBuildFile section */

/* Begin PBXContainerItemProxy section */
		842837781BF9BB8700971A18 /* PBXContainerItemProxy */ = {
			isa = PBXContainerItemProxy;
			containerPortal = 842837561BF9BB8700971A18 /* Project object */;
			proxyType = 1;
			remoteGlobalIDString = 8428375D1BF9BB8700971A18;
			remoteInfo = SilviyaApp;
		};
/* End PBXContainerItemProxy section */

/* Begin PBXFileReference section */
		8428375E1BF9BB8700971A18 /* SilviyaApp.app */ = {isa = PBXFileReference; explicitFileType = wrapper.application; includeInIndex = 0; path = SilviyaApp.app; sourceTree = BUILT_PRODUCTS_DIR; };
		842837621BF9BB8700971A18 /* Info.plist */ = {isa = PBXFileReference; lastKnownFileType = text.plist.xml; path = Info.plist; sourceTree = "<group>"; };
		842837631BF9BB8700971A18 /* main.m */ = {isa = PBXFileReference; lastKnownFileType = sourcecode.c.objc; path = main.m; sourceTree = "<group>"; };
		842837651BF9BB8700971A18 /* AppDelegate.h */ = {isa = PBXFileReference; lastKnownFileType = sourcecode.c.h; path = AppDelegate.h; sourceTree = "<group>"; };
		842837661BF9BB8700971A18 /* AppDelegate.m */ = {isa = PBXFileReference; lastKnownFileType = sourcecode.c.objc; path = AppDelegate.m; sourceTree = "<group>"; };
		842837681BF9BB8700971A18 /* ViewController.h */ = {isa = PBXFileReference; lastKnownFileType = sourcecode.c.h; path = ViewController.h; sourceTree = "<group>"; };
		842837691BF9BB8700971A18 /* ViewController.m */ = {isa = PBXFileReference; lastKnownFileType = sourcecode.c.objc; path = ViewController.m; sourceTree = "<group>"; };
		8428376C1BF9BB8700971A18 /* Base */ = {isa = PBXFileReference; lastKnownFileType = file.storyboard; name = Base; path = Base.lproj/Main.storyboard; sourceTree = "<group>"; };
		8428376E1BF9BB8700971A18 /* Images.xcassets */ = {isa = PBXFileReference; lastKnownFileType = folder.assetcatalog; path = Images.xcassets; sourceTree = "<group>"; };
		842837711BF9BB8700971A18 /* Base */ = {isa = PBXFileReference; lastKnownFileType = file.xib; name = Base; path = Base.lproj/LaunchScreen.xib; sourceTree = "<group>"; };
		842837771BF9BB8700971A18 /* SilviyaAppTests.xctest */ = {isa = PBXFileReference; explicitFileType = wrapper.cfbundle; includeInIndex = 0; path = SilviyaAppTests.xctest; sourceTree = BUILT_PRODUCTS_DIR; };
		8428377C1BF9BB8700971A18 /* Info.plist */ = {isa = PBXFileReference; lastKnownFileType = text.plist.xml; path = Info.plist; sourceTree = "<group>"; };
		8428377D1BF9BB8700971A18 /* SilviyaAppTests.m */ = {isa = PBXFileReference; lastKnownFileType = sourcecode.c.objc; path = SilviyaAppTests.m; sourceTree = "<group>"; };
		84616EED1BFB445000A41898 /* AVFoundation.framework */ = {isa = PBXFileReference; lastKnownFileType = wrapper.framework; name = AVFoundation.framework; path = System/Library/Frameworks/AVFoundation.framework; sourceTree = SDKROOT; };
/* End PBXFileReference section */

/* Begin PBXFrameworksBuildPhase section */
		8428375B1BF9BB8700971A18 /* Frameworks */ = {
			isa = PBXFrameworksBuildPhase;
			buildActionMask = 2147483647;
			files = (
				84616EEE1BFB445000A41898 /* AVFoundation.framework in Frameworks */,
			);
			runOnlyForDeploymentPostprocessing = 0;
		};
		842837741BF9BB8700971A18 /* Frameworks */ = {
			isa = PBXFrameworksBuildPhase;
			buildActionMask = 2147483647;
			files = (
			);
			runOnlyForDeploymentPostprocessing = 0;
		};
/* End PBXFrameworksBuildPhase section */

/* Begin PBXGroup section */
		842837551BF9BB8700971A18 = {
			isa = PBXGroup;
			children = (
				84616EED1BFB445000A41898 /* AVFoundation.framework */,
				842837601BF9BB8700971A18 /* SilviyaApp */,
				8428377A1BF9BB8700971A18 /* SilviyaAppTests */,
				8428375F1BF9BB8700971A18 /* Products */,
			);
			sourceTree = "<group>";
		};
		8428375F1BF9BB8700971A18 /* Products */ = {
			isa = PBXGroup;
			children = (
				8428375E1BF9BB8700971A18 /* SilviyaApp.app */,
				842837771BF9BB8700971A18 /* SilviyaAppTests.xctest */,
			);
			name = Products;
			sourceTree = "<group>";
		};
		842837601BF9BB8700971A18 /* SilviyaApp */ = {
			isa = PBXGroup;
			children = (
				842837651BF9BB8700971A18 /* AppDelegate.h */,
				842837661BF9BB8700971A18 /* AppDelegate.m */,
				842837681BF9BB8700971A18 /* ViewController.h */,
				842837691BF9BB8700971A18 /* ViewController.m */,
				8428376B1BF9BB8700971A18 /* Main.storyboard */,
				8428376E1BF9BB8700971A18 /* Images.xcassets */,
				842837701BF9BB8700971A18 /* LaunchScreen.xib */,
				842837611BF9BB8700971A18 /* Supporting Files */,
			);
			path = SilviyaApp;
			sourceTree = "<group>";
		};
		842837611BF9BB8700971A18 /* Supporting Files */ = {
			isa = PBXGroup;
			children = (
				842837621BF9BB8700971A18 /* Info.plist */,
				842837631BF9BB8700971A18 /* main.m */,
			);
			name = "Supporting Files";
			sourceTree = "<group>";
		};
		8428377A1BF9BB8700971A18 /* SilviyaAppTests */ = {
			isa = PBXGroup;
			children = (
				8428377D1BF9BB8700971A18 /* SilviyaAppTests.m */,
				8428377B1BF9BB8700971A18 /* Supporting Files */,
			);
			path = SilviyaAppTests;
			sourceTree = "<group>";
		};
		8428377B1BF9BB8700971A18 /* Supporting Files */ = {
			isa = PBXGroup;
			children = (
				8428377C1BF9BB8700971A18 /* Info.plist */,
			);
			name = "Supporting Files";
			sourceTree = "<group>";
		};
/* End PBXGroup section */

/* Begin PBXNativeTarget section */
		8428375D1BF9BB8700971A18 /* SilviyaApp */ = {
			isa = PBXNativeTarget;
			buildConfigurationList = 842837811BF9BB8700971A18 /* Build configuration list for PBXNativeTarget "SilviyaApp" */;
			buildPhases = (
				8428375A1BF9BB8700971A18 /* Sources */,
				8428375B1BF9BB8700971A18 /* Frameworks */,
				8428375C1BF9BB8700971A18 /* Resources */,
			);
			buildRules = (
			);
			dependencies = (
			);
			name = SilviyaApp;
			productName = SilviyaApp;
			productReference = 8428375E1BF9BB8700971A18 /* SilviyaApp.app */;
			productType = "com.apple.product-type.application";
		};
		842837761BF9BB8700971A18 /* SilviyaAppTests */ = {
			isa = PBXNativeTarget;
			buildConfigurationList = 842837841BF9BB8700971A18 /* Build configuration list for PBXNativeTarget "SilviyaAppTests" */;
			buildPhases = (
				842837731BF9BB8700971A18 /* Sources */,
				842837741BF9BB8700971A18 /* Frameworks */,
				842837751BF9BB8700971A18 /* Resources */,
			);
			buildRules = (
			);
			dependencies = (
				842837791BF9BB8700971A18 /* PBXTargetDependency */,
			);
			name = SilviyaAppTests;
			productName = SilviyaAppTests;
			productReference = 842837771BF9BB8700971A18 /* SilviyaAppTests.xctest */;
			productType = "com.apple.product-type.bundle.unit-test";
		};
/* End PBXNativeTarget section */

/* Begin PBXProject section */
		842837561BF9BB8700971A18 /* Project object */ = {
			isa = PBXProject;
			attributes = {
				LastUpgradeCheck = 0630;
				ORGANIZATIONNAME = Deemsys;
				TargetAttributes = {
					8428375D1BF9BB8700971A18 = {
						CreatedOnToolsVersion = 6.3.2;
					};
					842837761BF9BB8700971A18 = {
						CreatedOnToolsVersion = 6.3.2;
						TestTargetID = 8428375D1BF9BB8700971A18;
					};
				};
			};
			buildConfigurationList = 842837591BF9BB8700971A18 /* Build configuration list for PBXProject "SilviyaApp" */;
			compatibilityVersion = "Xcode 3.2";
			developmentRegion = English;
			hasScannedForEncodings = 0;
			knownRegions = (
				en,
				Base,
			);
			mainGroup = 842837551BF9BB8700971A18;
			productRefGroup = 8428375F1BF9BB8700971A18 /* Products */;
			projectDirPath = "";
			projectRoot = "";
			targets = (
				8428375D1BF9BB8700971A18 /* SilviyaApp */,
				842837761BF9BB8700971A18 /* SilviyaAppTests */,
			);
		};
/* End PBXProject section */

/* Begin PBXResourcesBuildPhase section */
		8428375C1BF9BB8700971A18 /* Resources */ = {
			isa = PBXResourcesBuildPhase;
			buildActionMask = 2147483647;
			files = (
				8428376D1BF9BB8700971A18 /* Main.storyboard in Resources */,
				842837721BF9BB8700971A18 /* LaunchScreen.xib in Resources */,
				8428376F1BF9BB8700971A18 /* Images.xcassets in Resources */,
			);
			runOnlyForDeploymentPostprocessing = 0;
		};
		842837751BF9BB8700971A18 /* Resources */ = {
			isa = PBXResourcesBuildPhase;
			buildActionMask = 2147483647;
			files = (
			);
			runOnlyForDeploymentPostprocessing = 0;
		};
/* End PBXResourcesBuildPhase section */

/* Begin PBXSourcesBuildPhase section */
		8428375A1BF9BB8700971A18 /* Sources */ = {
			isa = PBXSourcesBuildPhase;
			buildActionMask = 2147483647;
			files = (
				8428376A1BF9BB8700971A18 /* ViewController.m in Sources */,
				842837671BF9BB8700971A18 /* AppDelegate.m in Sources */,
				842837641BF9BB8700971A18 /* main.m in Sources */,
			);
			runOnlyForDeploymentPostprocessing = 0;
		};
		842837731BF9BB8700971A18 /* Sources */ = {
			isa = PBXSourcesBuildPhase;
			buildActionMask = 2147483647;
			files = (
				8428377E1BF9BB8700971A18 /* SilviyaAppTests.m in Sources */,
			);
			runOnlyForDeploymentPostprocessing = 0;
		};
/* End PBXSourcesBuildPhase section */

/* Begin PBXTargetDependency section */
		842837791BF9BB8700971A18 /* PBXTargetDependency */ = {
			isa = PBXTargetDependency;
			target = 8428375D1BF9BB8700971A18 /* SilviyaApp */;
			targetProxy = 842837781BF9BB8700971A18 /* PBXContainerItemProxy */;
		};
/* End PBXTargetDependency section */

/* Begin PBXVariantGroup section */
		8428376B1BF9BB8700971A18 /* Main.storyboard */ = {
			isa = PBXVariantGroup;
			children = (
				8428376C1BF9BB8700971A18 /* Base */,
			);
			name = Main.storyboard;
			sourceTree = "<group>";
		};
		842837701BF9BB8700971A18 /* LaunchScreen.xib */ = {
			isa = PBXVariantGroup;
			children = (
				842837711BF9BB8700971A18 /* Base */,
			);
			name = LaunchScreen.xib;
			sourceTree = "<group>";
		};
/* End PBXVariantGroup section */

/* Begin XCBuildConfiguration section */
		8428377F1BF9BB8700971A18 /* Debug */ = {
			isa = XCBuildConfiguration;
			buildSettings = {
				ALWAYS_SEARCH_USER_PATHS = NO;
				CLANG_CXX_LANGUAGE_STANDARD = "gnu++0x";
				CLANG_CXX_LIBRARY = "libc++";
				CLANG_ENABLE_MODULES = YES;
				CLANG_ENABLE_OBJC_ARC = YES;
				CLANG_WARN_BOOL_CONVERSION = YES;
				CLANG_WARN_CONSTANT_CONVERSION = YES;
				CLANG_WARN_DIRECT_OBJC_ISA_USAGE = YES_ERROR;
				CLANG_WARN_EMPTY_BODY = YES;
				CLANG_WARN_ENUM_CONVERSION = YES;
				CLANG_WARN_INT_CONVERSION = YES;
				CLANG_WARN_OBJC_ROOT_CLASS = YES_ERROR;
				CLANG_WARN_UNREACHABLE_CODE = YES;
				CLANG_WARN__DUPLICATE_METHOD_MATCH = YES;
				"CODE_SIGN_IDENTITY[sdk=iphoneos*]" = "iPhone Developer";
				COPY_PHASE_STRIP = NO;
				DEBUG_INFORMATION_FORMAT = "dwarf-with-dsym";
				ENABLE_STRICT_OBJC_MSGSEND = YES;
				GCC_C_LANGUAGE_STANDARD = gnu99;
				GCC_DYNAMIC_NO_PIC = NO;
				GCC_NO_COMMON_BLOCKS = YES;
				GCC_OPTIMIZATION_LEVEL = 0;
				GCC_PREPROCESSOR_DEFINITIONS = (
					"DEBUG=1",
					"$(inherited)",
				);
				GCC_SYMBOLS_PRIVATE_EXTERN = NO;
				GCC_WARN_64_TO_32_BIT_CONVERSION = YES;
				GCC_WARN_ABOUT_RETURN_TYPE = YES_ERROR;
				GCC_WARN_UNDECLARED_SELECTOR = YES;
				GCC_WARN_UNINITIALIZED_AUTOS = YES_AGGRESSIVE;
				GCC_WARN_UNUSED_FUNCTION = YES;
				GCC_WARN_UNUSED_VARIABLE = YES;
				IPHONEOS_DEPLOYMENT_TARGET = 8.3;
				MTL_ENABLE_DEBUG_INFO = YES;
				ONLY_ACTIVE_ARCH = YES;
				SDKROOT = iphoneos;
				TARGETED_DEVICE_FAMILY = 2;
			};
			name = Debug;
		};
		842837801BF9BB8700971A18 /* Release */ = {
			isa = XCBuildConfiguration;
			buildSettings = {
				ALWAYS_SEARCH_USER_PATHS = NO;
				CLANG_CXX_LANGUAGE_STANDARD = "gnu++0x";
				CLANG_CXX_LIBRARY = "libc++";
				CLANG_ENABLE_MODULES = YES;
				CLANG_ENABLE_OBJC_ARC = YES;
				CLANG_WARN_BOOL_CONVERSION = YES;
				CLANG_WARN_CONSTANT_CONVERSION = YES;
				CLANG_WARN_DIRECT_OBJC_ISA_USAGE = YES_ERROR;
				CLANG_WARN_EMPTY_BODY = YES;
				CLANG_WARN_ENUM_CONVERSION = YES;
				CLANG_WARN_INT_CONVERSION = YES;
				CLANG_WARN_OBJC_ROOT_CLASS = YES_ERROR;
				CLANG_WARN_UNREACHABLE_CODE = YES;
				CLANG_WARN__DUPLICATE_METHOD_MATCH = YES;
				"CODE_SIGN_IDENTITY[sdk=iphoneos*]" = "iPhone Developer";
				COPY_PHASE_STRIP = NO;
				DEBUG_INFORMATION_FORMAT = "dwarf-with-dsym";
				ENABLE_NS_ASSERTIONS = NO;
				ENABLE_STRICT_OBJC_MSGSEND = YES;
				GCC_C_LANGUAGE_STANDARD = gnu99;
				GCC_NO_COMMON_BLOCKS = YES;
				GCC_WARN_64_TO_32_BIT_CONVERSION = YES;
				GCC_WARN_ABOUT_RETURN_TYPE = YES_ERROR;
				GCC_WARN_UNDECLARED_SELECTOR = YES;
				GCC_WARN_UNINITIALIZED_AUTOS = YES_AGGRESSIVE;
				GCC_WARN_UNUSED_FUNCTION = YES;
				GCC_WARN_UNUSED_VARIABLE = YES;
				IPHONEOS_DEPLOYMENT_TARGET = 8.3;
				MTL_ENABLE_DEBUG_INFO = NO;
				SDKROOT = iphoneos;
				TARGETED_DEVICE_FAMILY = 2;
				VALIDATE_PRODUCT = YES;
			};
			name = Release;
		};
		842837821BF9BB8700971A18 /* Debug */ = {
			isa = XCBuildConfiguration;
			buildSettings = {
				ASSETCATALOG_COMPILER_APPICON_NAME = AppIcon;
				INFOPLIST_FILE = SilviyaApp/Info.plist;
				LD_RUNPATH_SEARCH_PATHS = "$(inherited) @executable_path/Frameworks";
				PRODUCT_NAME = "$(TARGET_NAME)";
			};
			name = Debug;
		};
		842837831BF9BB8700971A18 /* Release */ = {
			isa = XCBuildConfiguration;
			buildSettings = {
				ASSETCATALOG_COMPILER_APPICON_NAME = AppIcon;
				INFOPLIST_FILE = SilviyaApp/Info.plist;
				LD_RUNPATH_SEARCH_PATHS = "$(inherited) @executable_path/Frameworks";
				PRODUCT_NAME = "$(TARGET_NAME)";
			};
			name = Release;
		};
		842837851BF9BB8700971A18 /* Debug */ = {
			isa = XCBuildConfiguration;
			buildSettings = {
				BUNDLE_LOADER = "$(TEST_HOST)";
				FRAMEWORK_SEARCH_PATHS = (
					"$(SDKROOT)/Developer/Library/Frameworks",
					"$(inherited)",
				);
				GCC_PREPROCESSOR_DEFINITIONS = (
					"DEBUG=1",
					"$(inherited)",
				);
				INFOPLIST_FILE = SilviyaAppTests/Info.plist;
				LD_RUNPATH_SEARCH_PATHS = "$(inherited) @executable_path/Frameworks @loader_path/Frameworks";
				PRODUCT_NAME = "$(TARGET_NAME)";
				TEST_HOST = "$(BUILT_PRODUCTS_DIR)/SilviyaApp.app/SilviyaApp";
			};
			name = Debug;
		};
		842837861BF9BB8700971A18 /* Release */ = {
			isa = XCBuildConfiguration;
			buildSettings = {
				BUNDLE_LOADER = "$(TEST_HOST)";
				FRAMEWORK_SEARCH_PATHS = (
					"$(SDKROOT)/Developer/Library/Frameworks",
					"$(inherited)",
				);
				INFOPLIST_FILE = SilviyaAppTests/Info.plist;
				LD_RUNPATH_SEARCH_PATHS = "$(inherited) @executable_path/Frameworks @loader_path/Frameworks";
				PRODUCT_NAME = "$(TARGET_NAME)";
				TEST_HOST = "$(BUILT_PRODUCTS_DIR)/SilviyaApp.app/SilviyaApp";
			};
			name = Release;
		};
/* End XCBuildConfiguration section */

/* Begin XCConfigurationList section */
		842837591BF9BB8700971A18 /* Build configuration list for PBXProject "SilviyaApp" */ = {
			isa = XCConfigurationList;
			buildConfigurations = (
				8428377F1BF9BB8700971A18 /* Debug */,
				842837801BF9BB8700971A18 /* Release */,
			);
			defaultConfigurationIsVisible = 0;
			defaultConfigurationName = Release;
		};
		842837811BF9BB8700971A18 /* Build configuration list for PBXNativeTarget "SilviyaApp" */ = {
			isa = XCConfigurationList;
			buildConfigurations = (
				842837821BF9BB8700971A18 /* Debug */,
				842837831BF9BB8700971A18 /* Release */,
			);
			defaultConfigurationIsVisible = 0;
			defaultConfigurationName = Release;
		};
		842837841BF9BB8700971A18 /* Build configuration list for PBXNativeTarget "SilviyaAppTests" */ = {
			isa = XCConfigurationList;
			buildConfigurations = (
				842837851BF9BB8700971A18 /* Debug */,
				842837861BF9BB8700971A18 /* Release */,
			);
			defaultConfigurationIsVisible = 0;
			defaultConfigurationName = Release;
		};
/* End XCConfigurationList section */
	};
	rootObject = 842837561BF9BB8700971A18 /* Project object */;
}
